
Microsoft Visual Studio Solution File, Format Version 12.00
# Visual Studio Version 16
VisualStudioVersion = 16.0.30225.117
MinimumVisualStudioVersion = 10.0.40219.1
Project("{FAE04EC0-301F-11D3-BF4B-00C04F79EFBC}") = "PhoneBookConsoleUI", "PhoneBookConsoleUI\PhoneBookConsoleUI.csproj", "{FB7A6EA5-7D58-4E4A-9CD8-5A112DF9B187}"
EndProject
Global
	GlobalSection(SolutionConfigurationPlatforms) = preSolution
		Debug|Any CPU = Debug|Any CPU
		Release|Any CPU = Release|Any CPU
	EndGlobalSection
	GlobalSection(ProjectConfigurationPlatforms) = postSolution
		{FB7A6EA5-7D58-4E4A-9CD8-5A112DF9B187}.Debug|Any CPU.ActiveCfg = Debug|Any CPU
		{FB7A6EA5-7D58-4E4A-9CD8-5A112DF9B187}.Debug|Any CPU.Build.0 = Debug|Any CPU
		{FB7A6EA5-7D58-4E4A-9CD8-5A112DF9B187}.Release|Any CPU.ActiveCfg = Release|Any CPU
		{FB7A6EA5-7D58-4E4A-9CD8-5A112DF9B187}.Release|Any CPU.Build.0 = Release|Any CPU
	EndGlobalSection
	GlobalSection(SolutionProperties) = preSolution
		HideSolutionNode = FALSE
	EndGlobalSection
	GlobalSection(ExtensibilityGlobals) = postSolution
		SolutionGuid = {95548622-B608-4D50-BAE0-2029E929664C}
	EndGlobalSection
EndGlobal
